
Microsoft Visual Studio Solution File, Format Version 12.00
# Visual Studio Version 17
VisualStudioVersion = 17.2.32519.379
MinimumVisualStudioVersion = 10.0.40219.1
Project("{FAE04EC0-301F-11D3-BF4B-00C04F79EFBC}") = "Lesson01_01", "Lesson01_01\Lesson01_01.csproj", "{06C05D48-4797-4A79-9F7E-D15AC171FBEC}"
EndProject
Project("{FAE04EC0-301F-11D3-BF4B-00C04F79EFBC}") = "Lesson01_02", "Lesson01_02\Lesson01_02.csproj", "{428C1EAD-4A5B-40AD-9992-036A14735AAA}"
EndProject
Global
	GlobalSection(SolutionConfigurationPlatforms) = preSolution
		Debug|Any CPU = Debug|Any CPU
		Release|Any CPU = Release|Any CPU
	EndGlobalSection
	GlobalSection(ProjectConfigurationPlatforms) = postSolution
		{06C05D48-4797-4A79-9F7E-D15AC171FBEC}.Debug|Any CPU.ActiveCfg = Debug|Any CPU
		{06C05D48-4797-4A79-9F7E-D15AC171FBEC}.Debug|Any CPU.Build.0 = Debug|Any CPU
		{06C05D48-4797-4A79-9F7E-D15AC171FBEC}.Release|Any CPU.ActiveCfg = Release|Any CPU
		{06C05D48-4797-4A79-9F7E-D15AC171FBEC}.Release|Any CPU.Build.0 = Release|Any CPU
		{428C1EAD-4A5B-40AD-9992-036A14735AAA}.Debug|Any CPU.ActiveCfg = Debug|Any CPU
		{428C1EAD-4A5B-40AD-9992-036A14735AAA}.Debug|Any CPU.Build.0 = Debug|Any CPU
		{428C1EAD-4A5B-40AD-9992-036A14735AAA}.Release|Any CPU.ActiveCfg = Release|Any CPU
		{428C1EAD-4A5B-40AD-9992-036A14735AAA}.Release|Any CPU.Build.0 = Release|Any CPU
	EndGlobalSection
	GlobalSection(SolutionProperties) = preSolution
		HideSolutionNode = FALSE
	EndGlobalSection
	GlobalSection(ExtensibilityGlobals) = postSolution
		SolutionGuid = {E64F9CD9-3E9D-4437-8F0E-EB9F7AA8305C}
	EndGlobalSection
EndGlobal
